
Microsoft Visual Studio Solution File, Format Version 12.00
# Visual Studio 15
VisualStudioVersion = 15.0.28010.2016
MinimumVisualStudioVersion = 10.0.40219.1
Project("{FAE04EC0-301F-11D3-BF4B-00C04F79EFBC}") = "LPP-App", "LPP-App\LPP-App.csproj", "{30A83EDB-3F53-4113-9D14-8E924381E5E2}"
EndProject
Project("{FAE04EC0-301F-11D3-BF4B-00C04F79EFBC}") = "LPP-App.UnitTests", "LPP-App.UnitTests\LPP-App.UnitTests.csproj", "{03CFCF63-9828-4C0B-91DA-3330D2C80BAD}"
EndProject
Global
	GlobalSection(SolutionConfigurationPlatforms) = preSolution
		Debug|Any CPU = Debug|Any CPU
		Release|Any CPU = Release|Any CPU
	EndGlobalSection
	GlobalSection(ProjectConfigurationPlatforms) = postSolution
		{30A83EDB-3F53-4113-9D14-8E924381E5E2}.Debug|Any CPU.ActiveCfg = Debug|Any CPU
		{30A83EDB-3F53-4113-9D14-8E924381E5E2}.Debug|Any CPU.Build.0 = Debug|Any CPU
		{30A83EDB-3F53-4113-9D14-8E924381E5E2}.Release|Any CPU.ActiveCfg = Release|Any CPU
		{30A83EDB-3F53-4113-9D14-8E924381E5E2}.Release|Any CPU.Build.0 = Release|Any CPU
		{03CFCF63-9828-4C0B-91DA-3330D2C80BAD}.Debug|Any CPU.ActiveCfg = Debug|Any CPU
		{03CFCF63-9828-4C0B-91DA-3330D2C80BAD}.Debug|Any CPU.Build.0 = Debug|Any CPU
		{03CFCF63-9828-4C0B-91DA-3330D2C80BAD}.Release|Any CPU.ActiveCfg = Release|Any CPU
		{03CFCF63-9828-4C0B-91DA-3330D2C80BAD}.Release|Any CPU.Build.0 = Release|Any CPU
	EndGlobalSection
	GlobalSection(SolutionProperties) = preSolution
		HideSolutionNode = FALSE
	EndGlobalSection
	GlobalSection(ExtensibilityGlobals) = postSolution
		SolutionGuid = {9644CD1B-6F00-46FD-9B22-240DC341B201}
	EndGlobalSection
EndGlobal
